
Microsoft Visual Studio Solution File, Format Version 12.00
# Visual Studio Version 17
VisualStudioVersion = 17.0.32112.339
MinimumVisualStudioVersion = 10.0.40219.1
Project("{FAE04EC0-301F-11D3-BF4B-00C04F79EFBC}") = "Blind typing trainer", "Blind typing trainer\Blind typing trainer.csproj", "{477D45C8-634D-47DE-B91B-592C471F3B4A}"
EndProject
Global
	GlobalSection(SolutionConfigurationPlatforms) = preSolution
		Debug|Any CPU = Debug|Any CPU
		Release|Any CPU = Release|Any CPU
	EndGlobalSection
	GlobalSection(ProjectConfigurationPlatforms) = postSolution
		{477D45C8-634D-47DE-B91B-592C471F3B4A}.Debug|Any CPU.ActiveCfg = Debug|Any CPU
		{477D45C8-634D-47DE-B91B-592C471F3B4A}.Debug|Any CPU.Build.0 = Debug|Any CPU
		{477D45C8-634D-47DE-B91B-592C471F3B4A}.Release|Any CPU.ActiveCfg = Release|Any CPU
		{477D45C8-634D-47DE-B91B-592C471F3B4A}.Release|Any CPU.Build.0 = Release|Any CPU
	EndGlobalSection
	GlobalSection(SolutionProperties) = preSolution
		HideSolutionNode = FALSE
	EndGlobalSection
	GlobalSection(ExtensibilityGlobals) = postSolution
		SolutionGuid = {189B5C83-1211-4817-B941-F641F1E967B9}
	EndGlobalSection
EndGlobal
