
Microsoft Visual Studio Solution File, Format Version 12.00
# Visual Studio Version 17
VisualStudioVersion = 17.0.32112.339
MinimumVisualStudioVersion = 10.0.40219.1
Project("{FAE04EC0-301F-11D3-BF4B-00C04F79EFBC}") = "Blind typing trainer", "Blind typing trainer\Blind typing trainer.csproj", "{477D45C8-634D-47DE-B91B-592C471F3B4A}"
EndProject
Project("{54435603-DBB4-11D2-8724-00A0C9A8B90C}") = "Setup", "Setup\Setup.vdproj", "{27CB1021-2F67-45C6-9F78-BEC6E1595907}"
EndProject
Global
	GlobalSection(SolutionConfigurationPlatforms) = preSolution
		Debug|Any CPU = Debug|Any CPU
		Debug|x64 = Debug|x64
		Release|Any CPU = Release|Any CPU
		Release|x64 = Release|x64
	EndGlobalSection
	GlobalSection(ProjectConfigurationPlatforms) = postSolution
		{477D45C8-634D-47DE-B91B-592C471F3B4A}.Debug|Any CPU.ActiveCfg = Debug|Any CPU
		{477D45C8-634D-47DE-B91B-592C471F3B4A}.Debug|Any CPU.Build.0 = Debug|Any CPU
		{477D45C8-634D-47DE-B91B-592C471F3B4A}.Debug|x64.ActiveCfg = Debug|x64
		{477D45C8-634D-47DE-B91B-592C471F3B4A}.Debug|x64.Build.0 = Debug|x64
		{477D45C8-634D-47DE-B91B-592C471F3B4A}.Release|Any CPU.ActiveCfg = Release|Any CPU
		{477D45C8-634D-47DE-B91B-592C471F3B4A}.Release|Any CPU.Build.0 = Release|Any CPU
		{477D45C8-634D-47DE-B91B-592C471F3B4A}.Release|x64.ActiveCfg = Release|x64
		{477D45C8-634D-47DE-B91B-592C471F3B4A}.Release|x64.Build.0 = Release|x64
		{27CB1021-2F67-45C6-9F78-BEC6E1595907}.Debug|Any CPU.ActiveCfg = Release
		{27CB1021-2F67-45C6-9F78-BEC6E1595907}.Debug|Any CPU.Build.0 = Release
		{27CB1021-2F67-45C6-9F78-BEC6E1595907}.Debug|x64.ActiveCfg = Release
		{27CB1021-2F67-45C6-9F78-BEC6E1595907}.Release|Any CPU.ActiveCfg = Release
		{27CB1021-2F67-45C6-9F78-BEC6E1595907}.Release|x64.ActiveCfg = Release
		{27CB1021-2F67-45C6-9F78-BEC6E1595907}.Release|x64.Build.0 = Release
	EndGlobalSection
	GlobalSection(SolutionProperties) = preSolution
		HideSolutionNode = FALSE
	EndGlobalSection
	GlobalSection(ExtensibilityGlobals) = postSolution
		SolutionGuid = {189B5C83-1211-4817-B941-F641F1E967B9}
	EndGlobalSection
EndGlobal
